
Microsoft Visual Studio Solution File, Format Version 12.00
# Visual Studio Version 17
VisualStudioVersion = 17.9.34723.18
MinimumVisualStudioVersion = 10.0.40219.1
Project("{FAE04EC0-301F-11D3-BF4B-00C04F79EFBC}") = "Herança 3", "Herança 3\Herança 3.csproj", "{CC09E075-6DA4-487B-9CDA-A8278DE3ED21}"
EndProject
Global
	GlobalSection(SolutionConfigurationPlatforms) = preSolution
		Debug|Any CPU = Debug|Any CPU
		Release|Any CPU = Release|Any CPU
	EndGlobalSection
	GlobalSection(ProjectConfigurationPlatforms) = postSolution
		{CC09E075-6DA4-487B-9CDA-A8278DE3ED21}.Debug|Any CPU.ActiveCfg = Debug|Any CPU
		{CC09E075-6DA4-487B-9CDA-A8278DE3ED21}.Debug|Any CPU.Build.0 = Debug|Any CPU
		{CC09E075-6DA4-487B-9CDA-A8278DE3ED21}.Release|Any CPU.ActiveCfg = Release|Any CPU
		{CC09E075-6DA4-487B-9CDA-A8278DE3ED21}.Release|Any CPU.Build.0 = Release|Any CPU
	EndGlobalSection
	GlobalSection(SolutionProperties) = preSolution
		HideSolutionNode = FALSE
	EndGlobalSection
	GlobalSection(ExtensibilityGlobals) = postSolution
		SolutionGuid = {8D9EB3AD-D9B3-4757-8634-8F19C5446667}
	EndGlobalSection
EndGlobal
